{
    "name": "redisearch-query-client",
    "version": "0.0.1",
    "lockfileVersion": 2,
    "requires": true,
    "packages": {
        "": {
            "name": "redisearch-query-client",
            "version": "0.0.1",
            "license": "MIT",
            "dependencies": {
                "h3-js": "^3.7.2",
                "redis": "^4.2.0",
                "uuid": "^8.3.2",
                "ws": "^8.8.1"
            },
            "devDependencies": {
                "@types/node": "^14.14.31",
                "@types/uuid": "^8.3.4",
                "@types/ws": "8.5.3",
                "@typescript-eslint/types": "4.31.0",
                "typescript": "^4.7.4"
            }
        },
        "node_modules/@redis/bloom": {
            "version": "1.0.2",
            "resolved": "https://registry.npmjs.org/@redis/bloom/-/bloom-1.0.2.tgz",
            "integrity": "sha512-EBw7Ag1hPgFzdznK2PBblc1kdlj5B5Cw3XwI9/oG7tSn85/HKy3X9xHy/8tm/eNXJYHLXHJL/pkwBpFMVVefkw==",
            "peerDependencies": {
                "@redis/client": "^1.0.0"
            }
        },
        "node_modules/@redis/client": {
            "version": "1.2.0",
            "resolved": "https://registry.npmjs.org/@redis/client/-/client-1.2.0.tgz",
            "integrity": "sha512-a8Nlw5fv2EIAFJxTDSSDVUT7yfBGpZO96ybZXzQpgkyLg/dxtQ1uiwTc0EGfzg1mrPjZokeBSEGTbGXekqTNOg==",
            "dependencies": {
                "cluster-key-slot": "1.1.0",
                "generic-pool": "3.8.2",
                "yallist": "4.0.0"
            },
            "engines": {
                "node": ">=14"
            }
        },
        "node_modules/@redis/graph": {
            "version": "1.0.1",
            "resolved": "https://registry.npmjs.org/@redis/graph/-/graph-1.0.1.tgz",
            "integrity": "sha512-oDE4myMCJOCVKYMygEMWuriBgqlS5FqdWerikMoJxzmmTUErnTRRgmIDa2VcgytACZMFqpAOWDzops4DOlnkfQ==",
            "peerDependencies": {
                "@redis/client": "^1.0.0"
            }
        },
        "node_modules/@redis/json": {
            "version": "1.0.3",
            "resolved": "https://registry.npmjs.org/@redis/json/-/json-1.0.3.tgz",
            "integrity": "sha512-4X0Qv0BzD9Zlb0edkUoau5c1bInWSICqXAGrpwEltkncUwcxJIGEcVryZhLgb0p/3PkKaLIWkjhHRtLe9yiA7Q==",
            "peerDependencies": {
                "@redis/client": "^1.0.0"
            }
        },
        "node_modules/@redis/search": {
            "version": "1.0.6",
            "resolved": "https://registry.npmjs.org/@redis/search/-/search-1.0.6.tgz",
            "integrity": "sha512-pP+ZQRis5P21SD6fjyCeLcQdps+LuTzp2wdUbzxEmNhleighDDTD5ck8+cYof+WLec4csZX7ks+BuoMw0RaZrA==",
            "peerDependencies": {
                "@redis/client": "^1.0.0"
            }
        },
        "node_modules/@redis/time-series": {
            "version": "1.0.3",
            "resolved": "https://registry.npmjs.org/@redis/time-series/-/time-series-1.0.3.tgz",
            "integrity": "sha512-OFp0q4SGrTH0Mruf6oFsHGea58u8vS/iI5+NpYdicaM+7BgqBZH8FFvNZ8rYYLrUO/QRqMq72NpXmxLVNcdmjA==",
            "peerDependencies": {
                "@redis/client": "^1.0.0"
            }
        },
        "node_modules/@types/node": {
            "version": "14.18.12",
            "resolved": "https://registry.npmjs.org/@types/node/-/node-14.18.12.tgz",
            "integrity": "sha512-q4jlIR71hUpWTnGhXWcakgkZeHa3CCjcQcnuzU8M891BAWA2jHiziiWEPEkdS5pFsz7H9HJiy8BrK7tBRNrY7A==",
            "dev": true
        },
        "node_modules/@types/uuid": {
            "version": "8.3.4",
            "resolved": "https://registry.npmjs.org/@types/uuid/-/uuid-8.3.4.tgz",
            "integrity": "sha512-c/I8ZRb51j+pYGAu5CrFMRxqZ2ke4y2grEBO5AUjgSkSk+qT2Ea+OdWElz/OiMf5MNpn2b17kuVBwZLQJXzihw==",
            "dev": true
        },
        "node_modules/@types/ws": {
            "version": "8.5.3",
            "resolved": "https://registry.npmjs.org/@types/ws/-/ws-8.5.3.tgz",
            "integrity": "sha512-6YOoWjruKj1uLf3INHH7D3qTXwFfEsg1kf3c0uDdSBJwfa/llkwIjrAGV7j7mVgGNbzTQ3HiHKKDXl6bJPD97w==",
            "dev": true,
            "dependencies": {
                "@types/node": "*"
            }
        },
        "node_modules/@typescript-eslint/types": {
            "version": "4.31.0",
            "resolved": "https://registry.npmjs.org/@typescript-eslint/types/-/types-4.31.0.tgz",
            "integrity": "sha512-9XR5q9mk7DCXgXLS7REIVs+BaAswfdHhx91XqlJklmqWpTALGjygWVIb/UnLh4NWhfwhR5wNe1yTyCInxVhLqQ==",
            "dev": true,
            "engines": {
                "node": "^8.10.0 || ^10.13.0 || >=11.10.1"
            },
            "funding": {
                "type": "opencollective",
                "url": "https://opencollective.com/typescript-eslint"
            }
        },
        "node_modules/cluster-key-slot": {
            "version": "1.1.0",
            "resolved": "https://registry.npmjs.org/cluster-key-slot/-/cluster-key-slot-1.1.0.tgz",
            "integrity": "sha512-2Nii8p3RwAPiFwsnZvukotvow2rIHM+yQ6ZcBXGHdniadkYGZYiGmkHJIbZPIV9nfv7m/U1IPMVVcAhoWFeklw==",
            "engines": {
                "node": ">=0.10.0"
            }
        },
        "node_modules/generic-pool": {
            "version": "3.8.2",
            "resolved": "https://registry.npmjs.org/generic-pool/-/generic-pool-3.8.2.tgz",
            "integrity": "sha512-nGToKy6p3PAbYQ7p1UlWl6vSPwfwU6TMSWK7TTu+WUY4ZjyZQGniGGt2oNVvyNSpyZYSB43zMXVLcBm08MTMkg==",
            "engines": {
                "node": ">= 4"
            }
        },
        "node_modules/h3-js": {
            "version": "3.7.2",
            "resolved": "https://registry.npmjs.org/h3-js/-/h3-js-3.7.2.tgz",
            "integrity": "sha512-LPjlHSwB9zQZrMqKloCZmmmt3yZzIK7nqPcXqwU93zT3TtYG6jP4tZBzAPouxut7lLjdFbMQ75wRBiKfpsnY7w==",
            "engines": {
                "node": ">=4",
                "npm": ">=3",
                "yarn": ">=1.3.0"
            }
        },
        "node_modules/redis": {
            "version": "4.2.0",
            "resolved": "https://registry.npmjs.org/redis/-/redis-4.2.0.tgz",
            "integrity": "sha512-bCR0gKVhIXFg8zCQjXEANzgI01DDixtPZgIUZHBCmwqixnu+MK3Tb2yqGjh+HCLASQVVgApiwhNkv+FoedZOGQ==",
            "dependencies": {
                "@redis/bloom": "1.0.2",
                "@redis/client": "1.2.0",
                "@redis/graph": "1.0.1",
                "@redis/json": "1.0.3",
                "@redis/search": "1.0.6",
                "@redis/time-series": "1.0.3"
            }
        },
        "node_modules/typescript": {
            "version": "4.7.4",
            "resolved": "https://registry.npmjs.org/typescript/-/typescript-4.7.4.tgz",
            "integrity": "sha512-C0WQT0gezHuw6AdY1M2jxUO83Rjf0HP7Sk1DtXj6j1EwkQNZrHAg2XPWlq62oqEhYvONq5pkC2Y9oPljWToLmQ==",
            "dev": true,
            "bin": {
                "tsc": "bin/tsc",
                "tsserver": "bin/tsserver"
            },
            "engines": {
                "node": ">=4.2.0"
            }
        },
        "node_modules/uuid": {
            "version": "8.3.2",
            "resolved": "https://registry.npmjs.org/uuid/-/uuid-8.3.2.tgz",
            "integrity": "sha512-+NYs2QeMWy+GWFOEm9xnn6HCDp0l7QBD7ml8zLUmJ+93Q5NF0NocErnwkTkXVFNiX3/fpC6afS8Dhb/gz7R7eg==",
            "bin": {
                "uuid": "dist/bin/uuid"
            }
        },
        "node_modules/ws": {
            "version": "8.8.1",
            "resolved": "https://registry.npmjs.org/ws/-/ws-8.8.1.tgz",
            "integrity": "sha512-bGy2JzvzkPowEJV++hF07hAD6niYSr0JzBNo/J29WsB57A2r7Wlc1UFcTR9IzrPvuNVO4B8LGqF8qcpsVOhJCA==",
            "engines": {
                "node": ">=10.0.0"
            },
            "peerDependencies": {
                "bufferutil": "^4.0.1",
                "utf-8-validate": "^5.0.2"
            },
            "peerDependenciesMeta": {
                "bufferutil": {
                    "optional": true
                },
                "utf-8-validate": {
                    "optional": true
                }
            }
        },
        "node_modules/yallist": {
            "version": "4.0.0",
            "resolved": "https://registry.npmjs.org/yallist/-/yallist-4.0.0.tgz",
            "integrity": "sha512-3wdGidZyq5PB084XLES5TpOSRA3wjXAlIWMhum2kRcv/41Sn2emQ0dycQW4uZXLejwKvg6EsvbdlVL+FYEct7A=="
        }
    },
    "dependencies": {
        "@redis/bloom": {
            "version": "1.0.2",
            "resolved": "https://registry.npmjs.org/@redis/bloom/-/bloom-1.0.2.tgz",
            "integrity": "sha512-EBw7Ag1hPgFzdznK2PBblc1kdlj5B5Cw3XwI9/oG7tSn85/HKy3X9xHy/8tm/eNXJYHLXHJL/pkwBpFMVVefkw==",
            "requires": {}
        },
        "@redis/client": {
            "version": "1.2.0",
            "resolved": "https://registry.npmjs.org/@redis/client/-/client-1.2.0.tgz",
            "integrity": "sha512-a8Nlw5fv2EIAFJxTDSSDVUT7yfBGpZO96ybZXzQpgkyLg/dxtQ1uiwTc0EGfzg1mrPjZokeBSEGTbGXekqTNOg==",
            "requires": {
                "cluster-key-slot": "1.1.0",
                "generic-pool": "3.8.2",
                "yallist": "4.0.0"
            }
        },
        "@redis/graph": {
            "version": "1.0.1",
            "resolved": "https://registry.npmjs.org/@redis/graph/-/graph-1.0.1.tgz",
            "integrity": "sha512-oDE4myMCJOCVKYMygEMWuriBgqlS5FqdWerikMoJxzmmTUErnTRRgmIDa2VcgytACZMFqpAOWDzops4DOlnkfQ==",
            "requires": {}
        },
        "@redis/json": {
            "version": "1.0.3",
            "resolved": "https://registry.npmjs.org/@redis/json/-/json-1.0.3.tgz",
            "integrity": "sha512-4X0Qv0BzD9Zlb0edkUoau5c1bInWSICqXAGrpwEltkncUwcxJIGEcVryZhLgb0p/3PkKaLIWkjhHRtLe9yiA7Q==",
            "requires": {}
        },
        "@redis/search": {
            "version": "1.0.6",
            "resolved": "https://registry.npmjs.org/@redis/search/-/search-1.0.6.tgz",
            "integrity": "sha512-pP+ZQRis5P21SD6fjyCeLcQdps+LuTzp2wdUbzxEmNhleighDDTD5ck8+cYof+WLec4csZX7ks+BuoMw0RaZrA==",
            "requires": {}
        },
        "@redis/time-series": {
            "version": "1.0.3",
            "resolved": "https://registry.npmjs.org/@redis/time-series/-/time-series-1.0.3.tgz",
            "integrity": "sha512-OFp0q4SGrTH0Mruf6oFsHGea58u8vS/iI5+NpYdicaM+7BgqBZH8FFvNZ8rYYLrUO/QRqMq72NpXmxLVNcdmjA==",
            "requires": {}
        },
        "@types/node": {
            "version": "14.18.12",
            "resolved": "https://registry.npmjs.org/@types/node/-/node-14.18.12.tgz",
            "integrity": "sha512-q4jlIR71hUpWTnGhXWcakgkZeHa3CCjcQcnuzU8M891BAWA2jHiziiWEPEkdS5pFsz7H9HJiy8BrK7tBRNrY7A==",
            "dev": true
        },
        "@types/uuid": {
            "version": "8.3.4",
            "resolved": "https://registry.npmjs.org/@types/uuid/-/uuid-8.3.4.tgz",
            "integrity": "sha512-c/I8ZRb51j+pYGAu5CrFMRxqZ2ke4y2grEBO5AUjgSkSk+qT2Ea+OdWElz/OiMf5MNpn2b17kuVBwZLQJXzihw==",
            "dev": true
        },
        "@types/ws": {
            "version": "8.5.3",
            "resolved": "https://registry.npmjs.org/@types/ws/-/ws-8.5.3.tgz",
            "integrity": "sha512-6YOoWjruKj1uLf3INHH7D3qTXwFfEsg1kf3c0uDdSBJwfa/llkwIjrAGV7j7mVgGNbzTQ3HiHKKDXl6bJPD97w==",
            "dev": true,
            "requires": {
                "@types/node": "*"
            }
        },
        "@typescript-eslint/types": {
            "version": "4.31.0",
            "resolved": "https://registry.npmjs.org/@typescript-eslint/types/-/types-4.31.0.tgz",
            "integrity": "sha512-9XR5q9mk7DCXgXLS7REIVs+BaAswfdHhx91XqlJklmqWpTALGjygWVIb/UnLh4NWhfwhR5wNe1yTyCInxVhLqQ==",
            "dev": true
        },
        "cluster-key-slot": {
            "version": "1.1.0",
            "resolved": "https://registry.npmjs.org/cluster-key-slot/-/cluster-key-slot-1.1.0.tgz",
            "integrity": "sha512-2Nii8p3RwAPiFwsnZvukotvow2rIHM+yQ6ZcBXGHdniadkYGZYiGmkHJIbZPIV9nfv7m/U1IPMVVcAhoWFeklw=="
        },
        "generic-pool": {
            "version": "3.8.2",
            "resolved": "https://registry.npmjs.org/generic-pool/-/generic-pool-3.8.2.tgz",
            "integrity": "sha512-nGToKy6p3PAbYQ7p1UlWl6vSPwfwU6TMSWK7TTu+WUY4ZjyZQGniGGt2oNVvyNSpyZYSB43zMXVLcBm08MTMkg=="
        },
        "h3-js": {
            "version": "3.7.2",
            "resolved": "https://registry.npmjs.org/h3-js/-/h3-js-3.7.2.tgz",
            "integrity": "sha512-LPjlHSwB9zQZrMqKloCZmmmt3yZzIK7nqPcXqwU93zT3TtYG6jP4tZBzAPouxut7lLjdFbMQ75wRBiKfpsnY7w=="
        },
        "redis": {
            "version": "4.2.0",
            "resolved": "https://registry.npmjs.org/redis/-/redis-4.2.0.tgz",
            "integrity": "sha512-bCR0gKVhIXFg8zCQjXEANzgI01DDixtPZgIUZHBCmwqixnu+MK3Tb2yqGjh+HCLASQVVgApiwhNkv+FoedZOGQ==",
            "requires": {
                "@redis/bloom": "1.0.2",
                "@redis/client": "1.2.0",
                "@redis/graph": "1.0.1",
                "@redis/json": "1.0.3",
                "@redis/search": "1.0.6",
                "@redis/time-series": "1.0.3"
            }
        },
        "typescript": {
            "version": "4.7.4",
            "resolved": "https://registry.npmjs.org/typescript/-/typescript-4.7.4.tgz",
            "integrity": "sha512-C0WQT0gezHuw6AdY1M2jxUO83Rjf0HP7Sk1DtXj6j1EwkQNZrHAg2XPWlq62oqEhYvONq5pkC2Y9oPljWToLmQ==",
            "dev": true
        },
        "uuid": {
            "version": "8.3.2",
            "resolved": "https://registry.npmjs.org/uuid/-/uuid-8.3.2.tgz",
            "integrity": "sha512-+NYs2QeMWy+GWFOEm9xnn6HCDp0l7QBD7ml8zLUmJ+93Q5NF0NocErnwkTkXVFNiX3/fpC6afS8Dhb/gz7R7eg=="
        },
        "ws": {
            "version": "8.8.1",
            "resolved": "https://registry.npmjs.org/ws/-/ws-8.8.1.tgz",
            "integrity": "sha512-bGy2JzvzkPowEJV++hF07hAD6niYSr0JzBNo/J29WsB57A2r7Wlc1UFcTR9IzrPvuNVO4B8LGqF8qcpsVOhJCA==",
            "requires": {}
        },
        "yallist": {
            "version": "4.0.0",
            "resolved": "https://registry.npmjs.org/yallist/-/yallist-4.0.0.tgz",
            "integrity": "sha512-3wdGidZyq5PB084XLES5TpOSRA3wjXAlIWMhum2kRcv/41Sn2emQ0dycQW4uZXLejwKvg6EsvbdlVL+FYEct7A=="
        }
    }
}
